
Microsoft Visual Studio Solution File, Format Version 12.00
# Visual Studio Version 16
VisualStudioVersion = 16.0.29613.14
MinimumVisualStudioVersion = 10.0.40219.1
Project("{FAE04EC0-301F-11D3-BF4B-00C04F79EFBC}") = "posacamps", "posacamps\posacamps.csproj", "{2AAB138A-C48B-4B70-99FA-23BD5F907EAF}"
EndProject
Global
	GlobalSection(SolutionConfigurationPlatforms) = preSolution
		Debug|Any CPU = Debug|Any CPU
		Release|Any CPU = Release|Any CPU
	EndGlobalSection
	GlobalSection(ProjectConfigurationPlatforms) = postSolution
		{2AAB138A-C48B-4B70-99FA-23BD5F907EAF}.Debug|Any CPU.ActiveCfg = Debug|Any CPU
		{2AAB138A-C48B-4B70-99FA-23BD5F907EAF}.Debug|Any CPU.Build.0 = Debug|Any CPU
		{2AAB138A-C48B-4B70-99FA-23BD5F907EAF}.Release|Any CPU.ActiveCfg = Release|Any CPU
		{2AAB138A-C48B-4B70-99FA-23BD5F907EAF}.Release|Any CPU.Build.0 = Release|Any CPU
	EndGlobalSection
	GlobalSection(SolutionProperties) = preSolution
		HideSolutionNode = FALSE
	EndGlobalSection
	GlobalSection(ExtensibilityGlobals) = postSolution
		SolutionGuid = {3D12F966-881C-42F2-8B25-70AEC2022A0D}
	EndGlobalSection
EndGlobal
